
Microsoft Visual Studio Solution File, Format Version 10.00
# Visual Studio 2008
Project("{8BC9CEB8-8B4A-11D0-8D11-00A0C91BC942}") = "Render3D", "Render3D\Render3D.vcproj", "{4B3AC050-7B6E-40A1-9B0E-43E2F3AC77FA}"
EndProject
Project("{8BC9CEB8-8B4A-11D0-8D11-00A0C91BC942}") = "SolarSystem", "SolarSystem\SolarSystem.vcproj", "{E8AA10BD-1B76-4548-AFCA-918359E965A2}"
EndProject
Project("{8BC9CEB8-8B4A-11D0-8D11-00A0C91BC942}") = "Stranded", "Stranded\Stranded.vcproj", "{8D1D88A0-BF8C-4B07-8B1F-FE697779F8AA}"
EndProject
Project("{8BC9CEB8-8B4A-11D0-8D11-00A0C91BC942}") = "GameEngine", "GameEngine\GameEngine.vcproj", "{9AA4E83B-7DD3-4505-8584-C6BF64BAF3BE}"
EndProject
Project("{2150E333-8FDC-42A3-9474-1A3956D46DE8}") = "Program", "Program", "{4C76A0D7-E5E0-4456-918E-E9425F927077}"
EndProject
Project("{2150E333-8FDC-42A3-9474-1A3956D46DE8}") = "Sample", "Sample", "{F72471EA-A414-4A6E-820E-8AF3DD62A88B}"
EndProject
Project("{2150E333-8FDC-42A3-9474-1A3956D46DE8}") = "Stranded Sample", "Stranded Sample", "{5491FDBD-B935-42E6-8D59-5476528D7014}"
EndProject
Project("{2150E333-8FDC-42A3-9474-1A3956D46DE8}") = "DirectX Sample", "DirectX Sample", "{7BE3FE09-B93F-47D2-825C-D6A6358A8DBE}"
EndProject
Project("{8BC9CEB8-8B4A-11D0-8D11-00A0C91BC942}") = "1-Cube", "D3DProjects\1-Cube\1-Cube.vcproj", "{9D9FB474-2B18-43B6-A278-A4C73D7419DE}"
EndProject
Project("{8BC9CEB8-8B4A-11D0-8D11-00A0C91BC942}") = "Fog", "Stranded Sample\chapter6\Fog\Fog.vcproj", "{F4ACCCDB-364C-4328-8E30-AA80640BFD16}"
EndProject
Project("{8BC9CEB8-8B4A-11D0-8D11-00A0C91BC942}") = "12-Camera", "D3DProjects\12-Camera\12-Camera.vcproj", "{F2988D4B-BD06-406B-9635-74FD9E644B0C}"
EndProject
Global
	GlobalSection(SolutionConfigurationPlatforms) = preSolution
		Debug|Win32 = Debug|Win32
		Release|Win32 = Release|Win32
	EndGlobalSection
	GlobalSection(ProjectConfigurationPlatforms) = postSolution
		{4B3AC050-7B6E-40A1-9B0E-43E2F3AC77FA}.Debug|Win32.ActiveCfg = Debug|Win32
		{4B3AC050-7B6E-40A1-9B0E-43E2F3AC77FA}.Debug|Win32.Build.0 = Debug|Win32
		{4B3AC050-7B6E-40A1-9B0E-43E2F3AC77FA}.Release|Win32.ActiveCfg = Release|Win32
		{4B3AC050-7B6E-40A1-9B0E-43E2F3AC77FA}.Release|Win32.Build.0 = Release|Win32
		{E8AA10BD-1B76-4548-AFCA-918359E965A2}.Debug|Win32.ActiveCfg = Debug|Win32
		{E8AA10BD-1B76-4548-AFCA-918359E965A2}.Debug|Win32.Build.0 = Debug|Win32
		{E8AA10BD-1B76-4548-AFCA-918359E965A2}.Release|Win32.ActiveCfg = Release|Win32
		{E8AA10BD-1B76-4548-AFCA-918359E965A2}.Release|Win32.Build.0 = Release|Win32
		{8D1D88A0-BF8C-4B07-8B1F-FE697779F8AA}.Debug|Win32.ActiveCfg = Debug|Win32
		{8D1D88A0-BF8C-4B07-8B1F-FE697779F8AA}.Debug|Win32.Build.0 = Debug|Win32
		{8D1D88A0-BF8C-4B07-8B1F-FE697779F8AA}.Release|Win32.ActiveCfg = Release|Win32
		{8D1D88A0-BF8C-4B07-8B1F-FE697779F8AA}.Release|Win32.Build.0 = Release|Win32
		{9AA4E83B-7DD3-4505-8584-C6BF64BAF3BE}.Debug|Win32.ActiveCfg = Debug|Win32
		{9AA4E83B-7DD3-4505-8584-C6BF64BAF3BE}.Debug|Win32.Build.0 = Debug|Win32
		{9AA4E83B-7DD3-4505-8584-C6BF64BAF3BE}.Release|Win32.ActiveCfg = Release|Win32
		{9AA4E83B-7DD3-4505-8584-C6BF64BAF3BE}.Release|Win32.Build.0 = Release|Win32
		{9D9FB474-2B18-43B6-A278-A4C73D7419DE}.Debug|Win32.ActiveCfg = Debug|Win32
		{9D9FB474-2B18-43B6-A278-A4C73D7419DE}.Debug|Win32.Build.0 = Debug|Win32
		{9D9FB474-2B18-43B6-A278-A4C73D7419DE}.Release|Win32.ActiveCfg = Release|Win32
		{9D9FB474-2B18-43B6-A278-A4C73D7419DE}.Release|Win32.Build.0 = Release|Win32
		{F4ACCCDB-364C-4328-8E30-AA80640BFD16}.Debug|Win32.ActiveCfg = Debug|Win32
		{F4ACCCDB-364C-4328-8E30-AA80640BFD16}.Debug|Win32.Build.0 = Debug|Win32
		{F4ACCCDB-364C-4328-8E30-AA80640BFD16}.Release|Win32.ActiveCfg = Release|Win32
		{F4ACCCDB-364C-4328-8E30-AA80640BFD16}.Release|Win32.Build.0 = Release|Win32
		{F2988D4B-BD06-406B-9635-74FD9E644B0C}.Debug|Win32.ActiveCfg = Debug|Win32
		{F2988D4B-BD06-406B-9635-74FD9E644B0C}.Debug|Win32.Build.0 = Debug|Win32
		{F2988D4B-BD06-406B-9635-74FD9E644B0C}.Release|Win32.ActiveCfg = Release|Win32
		{F2988D4B-BD06-406B-9635-74FD9E644B0C}.Release|Win32.Build.0 = Release|Win32
	EndGlobalSection
	GlobalSection(SolutionProperties) = preSolution
		HideSolutionNode = FALSE
	EndGlobalSection
	GlobalSection(NestedProjects) = preSolution
		{9AA4E83B-7DD3-4505-8584-C6BF64BAF3BE} = {4C76A0D7-E5E0-4456-918E-E9425F927077}
		{4B3AC050-7B6E-40A1-9B0E-43E2F3AC77FA} = {4C76A0D7-E5E0-4456-918E-E9425F927077}
		{E8AA10BD-1B76-4548-AFCA-918359E965A2} = {4C76A0D7-E5E0-4456-918E-E9425F927077}
		{8D1D88A0-BF8C-4B07-8B1F-FE697779F8AA} = {4C76A0D7-E5E0-4456-918E-E9425F927077}
		{5491FDBD-B935-42E6-8D59-5476528D7014} = {F72471EA-A414-4A6E-820E-8AF3DD62A88B}
		{7BE3FE09-B93F-47D2-825C-D6A6358A8DBE} = {F72471EA-A414-4A6E-820E-8AF3DD62A88B}
		{F4ACCCDB-364C-4328-8E30-AA80640BFD16} = {5491FDBD-B935-42E6-8D59-5476528D7014}
		{9D9FB474-2B18-43B6-A278-A4C73D7419DE} = {7BE3FE09-B93F-47D2-825C-D6A6358A8DBE}
		{F2988D4B-BD06-406B-9635-74FD9E644B0C} = {7BE3FE09-B93F-47D2-825C-D6A6358A8DBE}
	EndGlobalSection
EndGlobal
